
Microsoft Visual Studio Solution File, Format Version 12.00
# Visual Studio Version 17
VisualStudioVersion = 17.14.36429.23 d17.14
MinimumVisualStudioVersion = 10.0.40219.1
Project("{8BC9CEB8-8B4A-11D0-8D11-00A0C91BC942}") = "Project1", "Project1\Project1.vcxproj", "{F1BA1C70-6AF9-4F81-BE04-AF019A88340A}"
EndProject
Global
	GlobalSection(SolutionConfigurationPlatforms) = preSolution
		Debug|x64 = Debug|x64
		Debug|x86 = Debug|x86
		Release|x64 = Release|x64
		Release|x86 = Release|x86
	EndGlobalSection
	GlobalSection(ProjectConfigurationPlatforms) = postSolution
		{F1BA1C70-6AF9-4F81-BE04-AF019A88340A}.Debug|x64.ActiveCfg = Debug|x64
		{F1BA1C70-6AF9-4F81-BE04-AF019A88340A}.Debug|x64.Build.0 = Debug|x64
		{F1BA1C70-6AF9-4F81-BE04-AF019A88340A}.Debug|x86.ActiveCfg = Debug|Win32
		{F1BA1C70-6AF9-4F81-BE04-AF019A88340A}.Debug|x86.Build.0 = Debug|Win32
		{F1BA1C70-6AF9-4F81-BE04-AF019A88340A}.Release|x64.ActiveCfg = Release|x64
		{F1BA1C70-6AF9-4F81-BE04-AF019A88340A}.Release|x64.Build.0 = Release|x64
		{F1BA1C70-6AF9-4F81-BE04-AF019A88340A}.Release|x86.ActiveCfg = Release|Win32
		{F1BA1C70-6AF9-4F81-BE04-AF019A88340A}.Release|x86.Build.0 = Release|Win32
	EndGlobalSection
	GlobalSection(SolutionProperties) = preSolution
		HideSolutionNode = FALSE
	EndGlobalSection
	GlobalSection(ExtensibilityGlobals) = postSolution
		SolutionGuid = {9879DA80-733E-41AF-8C30-0615B654B0C4}
	EndGlobalSection
EndGlobal
